
Microsoft Visual Studio Solution File, Format Version 12.00
# Visual Studio Version 17
VisualStudioVersion = 17.9.34723.18
MinimumVisualStudioVersion = 10.0.40219.1
Project("{9A19103F-16F7-4668-BE54-9A1E7A4F7556}") = "NFLPlayers", "NFLPlayers\NFLPlayers.csproj", "{243AE114-FBC3-4926-9F6E-A7C530C6EF4A}"
EndProject
Project("{FAE04EC0-301F-11D3-BF4B-00C04F79EFBC}") = "NLFPlayers.Tests", "NLFPlayers.Tests\NLFPlayers.Tests.csproj", "{C9970FA6-2EB7-4012-B90D-CC7EC1AA9350}"
EndProject
Global
	GlobalSection(SolutionConfigurationPlatforms) = preSolution
		Debug|Any CPU = Debug|Any CPU
		Release|Any CPU = Release|Any CPU
	EndGlobalSection
	GlobalSection(ProjectConfigurationPlatforms) = postSolution
		{243AE114-FBC3-4926-9F6E-A7C530C6EF4A}.Debug|Any CPU.ActiveCfg = Debug|Any CPU
		{243AE114-FBC3-4926-9F6E-A7C530C6EF4A}.Debug|Any CPU.Build.0 = Debug|Any CPU
		{243AE114-FBC3-4926-9F6E-A7C530C6EF4A}.Release|Any CPU.ActiveCfg = Release|Any CPU
		{243AE114-FBC3-4926-9F6E-A7C530C6EF4A}.Release|Any CPU.Build.0 = Release|Any CPU
		{C9970FA6-2EB7-4012-B90D-CC7EC1AA9350}.Debug|Any CPU.ActiveCfg = Debug|Any CPU
		{C9970FA6-2EB7-4012-B90D-CC7EC1AA9350}.Debug|Any CPU.Build.0 = Debug|Any CPU
		{C9970FA6-2EB7-4012-B90D-CC7EC1AA9350}.Release|Any CPU.ActiveCfg = Release|Any CPU
		{C9970FA6-2EB7-4012-B90D-CC7EC1AA9350}.Release|Any CPU.Build.0 = Release|Any CPU
	EndGlobalSection
	GlobalSection(SolutionProperties) = preSolution
		HideSolutionNode = FALSE
	EndGlobalSection
	GlobalSection(ExtensibilityGlobals) = postSolution
		SolutionGuid = {35074ACC-CA1D-4E34-A393-3765DCD0FF3C}
	EndGlobalSection
EndGlobal
